
Microsoft Visual Studio Solution File, Format Version 12.00
# Visual Studio Version 17
VisualStudioVersion = 17.9.34407.89
MinimumVisualStudioVersion = 10.0.40219.1
Project("{FAE04EC0-301F-11D3-BF4B-00C04F79EFBC}") = "MineSweaper", "MineSwapeDependencyInjection\MineSweaper.csproj", "{37B1CCF2-5438-4CEF-B524-8EB322FF0317}"
EndProject
Project("{FAE04EC0-301F-11D3-BF4B-00C04F79EFBC}") = "Minesweapertest", "Minesweapertest\Minesweapertest.csproj", "{B3A49F05-D42A-482B-A256-3A50EDB5004C}"
EndProject
Global
	GlobalSection(SolutionConfigurationPlatforms) = preSolution
		Debug|Any CPU = Debug|Any CPU
		Release|Any CPU = Release|Any CPU
	EndGlobalSection
	GlobalSection(ProjectConfigurationPlatforms) = postSolution
		{37B1CCF2-5438-4CEF-B524-8EB322FF0317}.Debug|Any CPU.ActiveCfg = Debug|Any CPU
		{37B1CCF2-5438-4CEF-B524-8EB322FF0317}.Debug|Any CPU.Build.0 = Debug|Any CPU
		{37B1CCF2-5438-4CEF-B524-8EB322FF0317}.Release|Any CPU.ActiveCfg = Release|Any CPU
		{37B1CCF2-5438-4CEF-B524-8EB322FF0317}.Release|Any CPU.Build.0 = Release|Any CPU
		{B3A49F05-D42A-482B-A256-3A50EDB5004C}.Debug|Any CPU.ActiveCfg = Debug|Any CPU
		{B3A49F05-D42A-482B-A256-3A50EDB5004C}.Debug|Any CPU.Build.0 = Debug|Any CPU
		{B3A49F05-D42A-482B-A256-3A50EDB5004C}.Release|Any CPU.ActiveCfg = Release|Any CPU
		{B3A49F05-D42A-482B-A256-3A50EDB5004C}.Release|Any CPU.Build.0 = Release|Any CPU
	EndGlobalSection
	GlobalSection(SolutionProperties) = preSolution
		HideSolutionNode = FALSE
	EndGlobalSection
	GlobalSection(ExtensibilityGlobals) = postSolution
		SolutionGuid = {AFDCD6D1-3CA6-4256-84A9-A5046F258FB2}
	EndGlobalSection
EndGlobal
